
Microsoft Visual Studio Solution File, Format Version 12.00
# Visual Studio Version 16
VisualStudioVersion = 16.0.30907.101
MinimumVisualStudioVersion = 10.0.40219.1
Project("{FAE04EC0-301F-11D3-BF4B-00C04F79EFBC}") = "PracticeUploadPhotoFunctionality", "PracticeUploadPhotoFunctionality\PracticeUploadPhotoFunctionality.csproj", "{E469A6F4-EA16-4C27-8257-212B6A126BA5}"
EndProject
Global
	GlobalSection(SolutionConfigurationPlatforms) = preSolution
		Debug|Any CPU = Debug|Any CPU
		Release|Any CPU = Release|Any CPU
	EndGlobalSection
	GlobalSection(ProjectConfigurationPlatforms) = postSolution
		{E469A6F4-EA16-4C27-8257-212B6A126BA5}.Debug|Any CPU.ActiveCfg = Debug|Any CPU
		{E469A6F4-EA16-4C27-8257-212B6A126BA5}.Debug|Any CPU.Build.0 = Debug|Any CPU
		{E469A6F4-EA16-4C27-8257-212B6A126BA5}.Release|Any CPU.ActiveCfg = Release|Any CPU
		{E469A6F4-EA16-4C27-8257-212B6A126BA5}.Release|Any CPU.Build.0 = Release|Any CPU
	EndGlobalSection
	GlobalSection(SolutionProperties) = preSolution
		HideSolutionNode = FALSE
	EndGlobalSection
	GlobalSection(ExtensibilityGlobals) = postSolution
		SolutionGuid = {6E7D5AF4-02E8-45E8-90C3-1C3A635BD2AE}
	EndGlobalSection
EndGlobal
